<Solution>
  <Project Path="src/Deliverance.Core/Deliverance.Core.csproj" />
  <Project Path="src/Deliverance.Dominatus/Deliverance.Dominatus.csproj" />
  <Project Path="src/Deliverance.StrideConn/Deliverance.StrideConn.csproj" Id="617780d1-ddc5-472f-bb2c-7fc2e9960775" />
  <Project Path="test/Deliverance.Core.Tests/Deliverance.Core.Tests.csproj" />
</Solution>
